
Microsoft Visual Studio Solution File, Format Version 12.00
# Visual Studio Version 17
VisualStudioVersion = 17.12.35527.113 d17.12
MinimumVisualStudioVersion = 10.0.40219.1
Project("{FAE04EC0-301F-11D3-BF4B-00C04F79EFBC}") = "InterfaceTask", "InterfaceTask\InterfaceTask.csproj", "{7427340D-8C13-4E7E-89B6-85279F2DE2DD}"
EndProject
Global
	GlobalSection(SolutionConfigurationPlatforms) = preSolution
		Debug|Any CPU = Debug|Any CPU
		Release|Any CPU = Release|Any CPU
	EndGlobalSection
	GlobalSection(ProjectConfigurationPlatforms) = postSolution
		{7427340D-8C13-4E7E-89B6-85279F2DE2DD}.Debug|Any CPU.ActiveCfg = Debug|Any CPU
		{7427340D-8C13-4E7E-89B6-85279F2DE2DD}.Debug|Any CPU.Build.0 = Debug|Any CPU
		{7427340D-8C13-4E7E-89B6-85279F2DE2DD}.Release|Any CPU.ActiveCfg = Release|Any CPU
		{7427340D-8C13-4E7E-89B6-85279F2DE2DD}.Release|Any CPU.Build.0 = Release|Any CPU
	EndGlobalSection
	GlobalSection(SolutionProperties) = preSolution
		HideSolutionNode = FALSE
	EndGlobalSection
EndGlobal
